
Microsoft Visual Studio Solution File, Format Version 12.00
# Visual Studio Version 17
VisualStudioVersion = 17.6.33829.357
MinimumVisualStudioVersion = 10.0.40219.1
Project("{FAE04EC0-301F-11D3-BF4B-00C04F79EFBC}") = "TSM", "TSM\TSM.csproj", "{5D442189-4246-4596-B9A1-EB642CE60D1F}"
EndProject
Global
	GlobalSection(SolutionConfigurationPlatforms) = preSolution
		Debug|Any CPU = Debug|Any CPU
		Release|Any CPU = Release|Any CPU
	EndGlobalSection
	GlobalSection(ProjectConfigurationPlatforms) = postSolution
		{5D442189-4246-4596-B9A1-EB642CE60D1F}.Debug|Any CPU.ActiveCfg = Debug|Any CPU
		{5D442189-4246-4596-B9A1-EB642CE60D1F}.Debug|Any CPU.Build.0 = Debug|Any CPU
		{5D442189-4246-4596-B9A1-EB642CE60D1F}.Release|Any CPU.ActiveCfg = Release|Any CPU
		{5D442189-4246-4596-B9A1-EB642CE60D1F}.Release|Any CPU.Build.0 = Release|Any CPU
	EndGlobalSection
	GlobalSection(SolutionProperties) = preSolution
		HideSolutionNode = FALSE
	EndGlobalSection
	GlobalSection(ExtensibilityGlobals) = postSolution
		SolutionGuid = {69F890A8-1748-424E-BD03-B4889D9D06F0}
	EndGlobalSection
EndGlobal
